
Microsoft Visual Studio Solution File, Format Version 12.00
# Visual Studio Version 16
VisualStudioVersion = 16.0.29926.136
MinimumVisualStudioVersion = 10.0.40219.1
Project("{9A19103F-16F7-4668-BE54-9A1E7A4F7556}") = "FZADClient", "FZADClient\FZADClient.csproj", "{4BA7C119-ECBF-4850-A95D-45E6582048C4}"
EndProject
Project("{FAE04EC0-301F-11D3-BF4B-00C04F79EFBC}") = "SecuredApi", "SecuredApi\SecuredApi.csproj", "{10273AD1-25AC-411F-A7ED-17C0F1AFB805}"
EndProject
Project("{FAE04EC0-301F-11D3-BF4B-00C04F79EFBC}") = "ADFSClient", "ADFSClient\ADFSClient.csproj", "{3BF0ADFA-C838-403D-98B1-49D6B5D31B42}"
EndProject
Project("{FAE04EC0-301F-11D3-BF4B-00C04F79EFBC}") = "F5OpaqueClient", "F5OpaqueClient\F5OpaqueClient.csproj", "{51FC73F9-9855-4974-94D8-5AA85B5C7EE5}"
EndProject
Global
	GlobalSection(SolutionConfigurationPlatforms) = preSolution
		Debug|Any CPU = Debug|Any CPU
		Release|Any CPU = Release|Any CPU
	EndGlobalSection
	GlobalSection(ProjectConfigurationPlatforms) = postSolution
		{4BA7C119-ECBF-4850-A95D-45E6582048C4}.Debug|Any CPU.ActiveCfg = Debug|Any CPU
		{4BA7C119-ECBF-4850-A95D-45E6582048C4}.Debug|Any CPU.Build.0 = Debug|Any CPU
		{4BA7C119-ECBF-4850-A95D-45E6582048C4}.Release|Any CPU.ActiveCfg = Release|Any CPU
		{4BA7C119-ECBF-4850-A95D-45E6582048C4}.Release|Any CPU.Build.0 = Release|Any CPU
		{10273AD1-25AC-411F-A7ED-17C0F1AFB805}.Debug|Any CPU.ActiveCfg = Debug|Any CPU
		{10273AD1-25AC-411F-A7ED-17C0F1AFB805}.Debug|Any CPU.Build.0 = Debug|Any CPU
		{10273AD1-25AC-411F-A7ED-17C0F1AFB805}.Release|Any CPU.ActiveCfg = Release|Any CPU
		{10273AD1-25AC-411F-A7ED-17C0F1AFB805}.Release|Any CPU.Build.0 = Release|Any CPU
		{3BF0ADFA-C838-403D-98B1-49D6B5D31B42}.Debug|Any CPU.ActiveCfg = Debug|Any CPU
		{3BF0ADFA-C838-403D-98B1-49D6B5D31B42}.Debug|Any CPU.Build.0 = Debug|Any CPU
		{3BF0ADFA-C838-403D-98B1-49D6B5D31B42}.Release|Any CPU.ActiveCfg = Release|Any CPU
		{3BF0ADFA-C838-403D-98B1-49D6B5D31B42}.Release|Any CPU.Build.0 = Release|Any CPU
		{51FC73F9-9855-4974-94D8-5AA85B5C7EE5}.Debug|Any CPU.ActiveCfg = Debug|Any CPU
		{51FC73F9-9855-4974-94D8-5AA85B5C7EE5}.Debug|Any CPU.Build.0 = Debug|Any CPU
		{51FC73F9-9855-4974-94D8-5AA85B5C7EE5}.Release|Any CPU.ActiveCfg = Release|Any CPU
		{51FC73F9-9855-4974-94D8-5AA85B5C7EE5}.Release|Any CPU.Build.0 = Release|Any CPU
	EndGlobalSection
	GlobalSection(SolutionProperties) = preSolution
		HideSolutionNode = FALSE
	EndGlobalSection
	GlobalSection(ExtensibilityGlobals) = postSolution
		SolutionGuid = {5A48C974-D608-4F57-9B58-6EF861420BC2}
	EndGlobalSection
EndGlobal
