
Microsoft Visual Studio Solution File, Format Version 12.00
# Visual Studio Version 16
VisualStudioVersion = 16.0.29926.136
MinimumVisualStudioVersion = 10.0.40219.1
Project("{9A19103F-16F7-4668-BE54-9A1E7A4F7556}") = "ApiOne", "ApiOne\ApiOne.csproj", "{4ED03660-7B17-4AC3-97C5-4F72C2CB7669}"
EndProject
Project("{9A19103F-16F7-4668-BE54-9A1E7A4F7556}") = "ApiTwo", "ApiTwo\ApiTwo.csproj", "{244F2730-8682-41BD-9994-001FC075A191}"
EndProject
Project("{9A19103F-16F7-4668-BE54-9A1E7A4F7556}") = "IdentityServer", "..\IdentityServer\IdentityServer.csproj", "{E5CCA6F7-2CFC-4F71-A23D-ACCFA17B250D}"
EndProject
Global
	GlobalSection(SolutionConfigurationPlatforms) = preSolution
		Debug|Any CPU = Debug|Any CPU
		Release|Any CPU = Release|Any CPU
	EndGlobalSection
	GlobalSection(ProjectConfigurationPlatforms) = postSolution
		{4ED03660-7B17-4AC3-97C5-4F72C2CB7669}.Debug|Any CPU.ActiveCfg = Debug|Any CPU
		{4ED03660-7B17-4AC3-97C5-4F72C2CB7669}.Debug|Any CPU.Build.0 = Debug|Any CPU
		{4ED03660-7B17-4AC3-97C5-4F72C2CB7669}.Release|Any CPU.ActiveCfg = Release|Any CPU
		{4ED03660-7B17-4AC3-97C5-4F72C2CB7669}.Release|Any CPU.Build.0 = Release|Any CPU
		{244F2730-8682-41BD-9994-001FC075A191}.Debug|Any CPU.ActiveCfg = Debug|Any CPU
		{244F2730-8682-41BD-9994-001FC075A191}.Debug|Any CPU.Build.0 = Debug|Any CPU
		{244F2730-8682-41BD-9994-001FC075A191}.Release|Any CPU.ActiveCfg = Release|Any CPU
		{244F2730-8682-41BD-9994-001FC075A191}.Release|Any CPU.Build.0 = Release|Any CPU
		{E5CCA6F7-2CFC-4F71-A23D-ACCFA17B250D}.Debug|Any CPU.ActiveCfg = Debug|Any CPU
		{E5CCA6F7-2CFC-4F71-A23D-ACCFA17B250D}.Debug|Any CPU.Build.0 = Debug|Any CPU
		{E5CCA6F7-2CFC-4F71-A23D-ACCFA17B250D}.Release|Any CPU.ActiveCfg = Release|Any CPU
		{E5CCA6F7-2CFC-4F71-A23D-ACCFA17B250D}.Release|Any CPU.Build.0 = Release|Any CPU
	EndGlobalSection
	GlobalSection(SolutionProperties) = preSolution
		HideSolutionNode = FALSE
	EndGlobalSection
	GlobalSection(ExtensibilityGlobals) = postSolution
		SolutionGuid = {8C06630A-C1B1-4038-B8C0-DF07B712B871}
	EndGlobalSection
EndGlobal
